
Microsoft Visual Studio Solution File, Format Version 12.00
# Visual Studio Version 17
VisualStudioVersion = 17.1.32210.238
MinimumVisualStudioVersion = 10.0.40219.1
Project("{2150E333-8FDC-42A3-9474-1A3956D46DE8}") = "Source", "Source", "{DBFE2293-0D73-4F2E-94C6-C81991878593}"
EndProject
Project("{9A19103F-16F7-4668-BE54-9A1E7A4F7556}") = "WebAPI", "Source\WebAPI\WebAPI.csproj", "{04D7B890-2504-4E48-A4E4-E93C444E9953}"
EndProject
Project("{9A19103F-16F7-4668-BE54-9A1E7A4F7556}") = "Domain", "Source\Domain\Domain.csproj", "{C4D7EB9E-14FC-4584-AF1F-3A043F625086}"
EndProject
Project("{9A19103F-16F7-4668-BE54-9A1E7A4F7556}") = "Repository.Common", "Source\Repository\Repository.Common.csproj", "{9792AA99-36BB-4A34-BEA6-DF7337958E83}"
EndProject
Project("{9A19103F-16F7-4668-BE54-9A1E7A4F7556}") = "Repository.Cosmos", "Source\Repository.Cosmos\Repository.Cosmos.csproj", "{33876875-70B1-4A9E-9B10-A794557CDF99}"
EndProject
Project("{2150E333-8FDC-42A3-9474-1A3956D46DE8}") = "Repository", "Repository", "{4DE239BF-CAE1-47A1-BE03-9E6DC45C96DB}"
EndProject
Project("{2150E333-8FDC-42A3-9474-1A3956D46DE8}") = "Tests", "Tests", "{36537A4F-7513-45B8-ADDE-739A8F5B8843}"
EndProject
Project("{9A19103F-16F7-4668-BE54-9A1E7A4F7556}") = "Component.Tests", "Tests\Component.Tests\Component.Tests.csproj", "{842300D5-FB8F-4121-90C7-8F5C04DC23FC}"
EndProject
Project("{9A19103F-16F7-4668-BE54-9A1E7A4F7556}") = "Repository.Tests", "Tests\Repository.Tests\Repository.Tests.csproj", "{7E31D408-C0BA-4E65-9433-51578E028CBE}"
EndProject
Global
	GlobalSection(SolutionConfigurationPlatforms) = preSolution
		Debug|Any CPU = Debug|Any CPU
		Release|Any CPU = Release|Any CPU
	EndGlobalSection
	GlobalSection(ProjectConfigurationPlatforms) = postSolution
		{04D7B890-2504-4E48-A4E4-E93C444E9953}.Debug|Any CPU.ActiveCfg = Debug|Any CPU
		{04D7B890-2504-4E48-A4E4-E93C444E9953}.Debug|Any CPU.Build.0 = Debug|Any CPU
		{04D7B890-2504-4E48-A4E4-E93C444E9953}.Release|Any CPU.ActiveCfg = Release|Any CPU
		{04D7B890-2504-4E48-A4E4-E93C444E9953}.Release|Any CPU.Build.0 = Release|Any CPU
		{C4D7EB9E-14FC-4584-AF1F-3A043F625086}.Debug|Any CPU.ActiveCfg = Debug|Any CPU
		{C4D7EB9E-14FC-4584-AF1F-3A043F625086}.Debug|Any CPU.Build.0 = Debug|Any CPU
		{C4D7EB9E-14FC-4584-AF1F-3A043F625086}.Release|Any CPU.ActiveCfg = Release|Any CPU
		{C4D7EB9E-14FC-4584-AF1F-3A043F625086}.Release|Any CPU.Build.0 = Release|Any CPU
		{9792AA99-36BB-4A34-BEA6-DF7337958E83}.Debug|Any CPU.ActiveCfg = Debug|Any CPU
		{9792AA99-36BB-4A34-BEA6-DF7337958E83}.Debug|Any CPU.Build.0 = Debug|Any CPU
		{9792AA99-36BB-4A34-BEA6-DF7337958E83}.Release|Any CPU.ActiveCfg = Release|Any CPU
		{9792AA99-36BB-4A34-BEA6-DF7337958E83}.Release|Any CPU.Build.0 = Release|Any CPU
		{33876875-70B1-4A9E-9B10-A794557CDF99}.Debug|Any CPU.ActiveCfg = Debug|Any CPU
		{33876875-70B1-4A9E-9B10-A794557CDF99}.Debug|Any CPU.Build.0 = Debug|Any CPU
		{33876875-70B1-4A9E-9B10-A794557CDF99}.Release|Any CPU.ActiveCfg = Release|Any CPU
		{33876875-70B1-4A9E-9B10-A794557CDF99}.Release|Any CPU.Build.0 = Release|Any CPU
		{842300D5-FB8F-4121-90C7-8F5C04DC23FC}.Debug|Any CPU.ActiveCfg = Debug|Any CPU
		{842300D5-FB8F-4121-90C7-8F5C04DC23FC}.Debug|Any CPU.Build.0 = Debug|Any CPU
		{842300D5-FB8F-4121-90C7-8F5C04DC23FC}.Release|Any CPU.ActiveCfg = Release|Any CPU
		{842300D5-FB8F-4121-90C7-8F5C04DC23FC}.Release|Any CPU.Build.0 = Release|Any CPU
		{7E31D408-C0BA-4E65-9433-51578E028CBE}.Debug|Any CPU.ActiveCfg = Debug|Any CPU
		{7E31D408-C0BA-4E65-9433-51578E028CBE}.Debug|Any CPU.Build.0 = Debug|Any CPU
		{7E31D408-C0BA-4E65-9433-51578E028CBE}.Release|Any CPU.ActiveCfg = Release|Any CPU
		{7E31D408-C0BA-4E65-9433-51578E028CBE}.Release|Any CPU.Build.0 = Release|Any CPU
	EndGlobalSection
	GlobalSection(SolutionProperties) = preSolution
		HideSolutionNode = FALSE
	EndGlobalSection
	GlobalSection(NestedProjects) = preSolution
		{04D7B890-2504-4E48-A4E4-E93C444E9953} = {DBFE2293-0D73-4F2E-94C6-C81991878593}
		{C4D7EB9E-14FC-4584-AF1F-3A043F625086} = {DBFE2293-0D73-4F2E-94C6-C81991878593}
		{9792AA99-36BB-4A34-BEA6-DF7337958E83} = {4DE239BF-CAE1-47A1-BE03-9E6DC45C96DB}
		{33876875-70B1-4A9E-9B10-A794557CDF99} = {4DE239BF-CAE1-47A1-BE03-9E6DC45C96DB}
		{4DE239BF-CAE1-47A1-BE03-9E6DC45C96DB} = {DBFE2293-0D73-4F2E-94C6-C81991878593}
		{842300D5-FB8F-4121-90C7-8F5C04DC23FC} = {36537A4F-7513-45B8-ADDE-739A8F5B8843}
		{7E31D408-C0BA-4E65-9433-51578E028CBE} = {36537A4F-7513-45B8-ADDE-739A8F5B8843}
	EndGlobalSection
	GlobalSection(ExtensibilityGlobals) = postSolution
		SolutionGuid = {533D75FC-B0E6-4654-B389-321203AFE649}
	EndGlobalSection
EndGlobal
